
Microsoft Visual Studio Solution File, Format Version 12.00
# Visual Studio Version 17
VisualStudioVersion = 17.4.33403.182
MinimumVisualStudioVersion = 10.0.40219.1
Project("{FAE04EC0-301F-11D3-BF4B-00C04F79EFBC}") = "WebClient-1", "WebClient-1\WebClient-1.csproj", "{15E2CDF9-61D9-4647-A674-79BF0CD1DB5B}"
EndProject
Global
	GlobalSection(SolutionConfigurationPlatforms) = preSolution
		Debug|Any CPU = Debug|Any CPU
		Release|Any CPU = Release|Any CPU
	EndGlobalSection
	GlobalSection(ProjectConfigurationPlatforms) = postSolution
		{15E2CDF9-61D9-4647-A674-79BF0CD1DB5B}.Debug|Any CPU.ActiveCfg = Debug|Any CPU
		{15E2CDF9-61D9-4647-A674-79BF0CD1DB5B}.Debug|Any CPU.Build.0 = Debug|Any CPU
		{15E2CDF9-61D9-4647-A674-79BF0CD1DB5B}.Release|Any CPU.ActiveCfg = Release|Any CPU
		{15E2CDF9-61D9-4647-A674-79BF0CD1DB5B}.Release|Any CPU.Build.0 = Release|Any CPU
	EndGlobalSection
	GlobalSection(SolutionProperties) = preSolution
		HideSolutionNode = FALSE
	EndGlobalSection
	GlobalSection(ExtensibilityGlobals) = postSolution
		SolutionGuid = {3FEAB7A5-B2EC-433B-807C-429B6C6DAF41}
	EndGlobalSection
EndGlobal
