
Microsoft Visual Studio Solution File, Format Version 12.00
# Visual Studio Version 17
VisualStudioVersion = 17.4.33403.182
MinimumVisualStudioVersion = 10.0.40219.1
Project("{FAE04EC0-301F-11D3-BF4B-00C04F79EFBC}") = "WebClient-3", "WebClient-3\WebClient-3.csproj", "{71AE1A6A-BA9D-492A-8D7C-339D9EE2363A}"
EndProject
Global
	GlobalSection(SolutionConfigurationPlatforms) = preSolution
		Debug|Any CPU = Debug|Any CPU
		Release|Any CPU = Release|Any CPU
	EndGlobalSection
	GlobalSection(ProjectConfigurationPlatforms) = postSolution
		{71AE1A6A-BA9D-492A-8D7C-339D9EE2363A}.Debug|Any CPU.ActiveCfg = Debug|Any CPU
		{71AE1A6A-BA9D-492A-8D7C-339D9EE2363A}.Debug|Any CPU.Build.0 = Debug|Any CPU
		{71AE1A6A-BA9D-492A-8D7C-339D9EE2363A}.Release|Any CPU.ActiveCfg = Release|Any CPU
		{71AE1A6A-BA9D-492A-8D7C-339D9EE2363A}.Release|Any CPU.Build.0 = Release|Any CPU
	EndGlobalSection
	GlobalSection(SolutionProperties) = preSolution
		HideSolutionNode = FALSE
	EndGlobalSection
	GlobalSection(ExtensibilityGlobals) = postSolution
		SolutionGuid = {1928186D-63B1-4EFA-95E1-7D59C512529A}
	EndGlobalSection
EndGlobal
